
Microsoft Visual Studio Solution File, Format Version 12.00
# Visual Studio Version 16
VisualStudioVersion = 16.0.29609.76
MinimumVisualStudioVersion = 10.0.40219.1
Project("{9A19103F-16F7-4668-BE54-9A1E7A4F7556}") = "LikeButton.API", "API\LikeButton.API.csproj", "{3C445BEC-FE06-4987-B7A8-12B28B0A8C85}"
EndProject
Project("{9A19103F-16F7-4668-BE54-9A1E7A4F7556}") = "LikeButton.Data", "Data\LikeButton.Data.csproj", "{01432851-4415-4877-91CA-5201868E9A60}"
EndProject
Project("{9A19103F-16F7-4668-BE54-9A1E7A4F7556}") = "LikeButton.Services", "Services\LikeButton.Services.csproj", "{DBF5A2A9-5C53-4D3D-9315-84AEC5D2D245}"
EndProject
Project("{9A19103F-16F7-4668-BE54-9A1E7A4F7556}") = "LikeButton.Domain", "Domain\LikeButton.Domain.csproj", "{C7C5D245-F442-44CB-84DA-9423823ABE70}"
EndProject
Project("{FAE04EC0-301F-11D3-BF4B-00C04F79EFBC}") = "LikeButton.Web", "LikeButton.Web\LikeButton.Web.csproj", "{445C26E2-1091-4FA9-9C30-DBF35B32E0CA}"
EndProject
Global
	GlobalSection(SolutionConfigurationPlatforms) = preSolution
		Debug|Any CPU = Debug|Any CPU
		Release|Any CPU = Release|Any CPU
	EndGlobalSection
	GlobalSection(ProjectConfigurationPlatforms) = postSolution
		{3C445BEC-FE06-4987-B7A8-12B28B0A8C85}.Debug|Any CPU.ActiveCfg = Debug|Any CPU
		{3C445BEC-FE06-4987-B7A8-12B28B0A8C85}.Debug|Any CPU.Build.0 = Debug|Any CPU
		{3C445BEC-FE06-4987-B7A8-12B28B0A8C85}.Release|Any CPU.ActiveCfg = Release|Any CPU
		{3C445BEC-FE06-4987-B7A8-12B28B0A8C85}.Release|Any CPU.Build.0 = Release|Any CPU
		{01432851-4415-4877-91CA-5201868E9A60}.Debug|Any CPU.ActiveCfg = Debug|Any CPU
		{01432851-4415-4877-91CA-5201868E9A60}.Debug|Any CPU.Build.0 = Debug|Any CPU
		{01432851-4415-4877-91CA-5201868E9A60}.Release|Any CPU.ActiveCfg = Release|Any CPU
		{01432851-4415-4877-91CA-5201868E9A60}.Release|Any CPU.Build.0 = Release|Any CPU
		{DBF5A2A9-5C53-4D3D-9315-84AEC5D2D245}.Debug|Any CPU.ActiveCfg = Debug|Any CPU
		{DBF5A2A9-5C53-4D3D-9315-84AEC5D2D245}.Debug|Any CPU.Build.0 = Debug|Any CPU
		{DBF5A2A9-5C53-4D3D-9315-84AEC5D2D245}.Release|Any CPU.ActiveCfg = Release|Any CPU
		{DBF5A2A9-5C53-4D3D-9315-84AEC5D2D245}.Release|Any CPU.Build.0 = Release|Any CPU
		{C7C5D245-F442-44CB-84DA-9423823ABE70}.Debug|Any CPU.ActiveCfg = Debug|Any CPU
		{C7C5D245-F442-44CB-84DA-9423823ABE70}.Debug|Any CPU.Build.0 = Debug|Any CPU
		{C7C5D245-F442-44CB-84DA-9423823ABE70}.Release|Any CPU.ActiveCfg = Release|Any CPU
		{C7C5D245-F442-44CB-84DA-9423823ABE70}.Release|Any CPU.Build.0 = Release|Any CPU
		{445C26E2-1091-4FA9-9C30-DBF35B32E0CA}.Debug|Any CPU.ActiveCfg = Debug|Any CPU
		{445C26E2-1091-4FA9-9C30-DBF35B32E0CA}.Debug|Any CPU.Build.0 = Debug|Any CPU
		{445C26E2-1091-4FA9-9C30-DBF35B32E0CA}.Release|Any CPU.ActiveCfg = Release|Any CPU
		{445C26E2-1091-4FA9-9C30-DBF35B32E0CA}.Release|Any CPU.Build.0 = Release|Any CPU
	EndGlobalSection
	GlobalSection(SolutionProperties) = preSolution
		HideSolutionNode = FALSE
	EndGlobalSection
	GlobalSection(ExtensibilityGlobals) = postSolution
		SolutionGuid = {2219D65C-34C0-46EB-817F-6F265085A159}
	EndGlobalSection
EndGlobal
